# THIS IS AN AUTOGENERATED FILE. DO NOT EDIT THIS FILE DIRECTLY.
# yarn lockfile v1


"@types/node@^11.11.3":
  version "11.11.3"
  resolved "https://registry.yarnpkg.com/@types/node/-/node-11.11.3.tgz#7c6b0f8eaf16ae530795de2ad1b85d34bf2f5c58"
  integrity sha512-wp6IOGu1lxsfnrD+5mX6qwSwWuqsdkKKxTN4aQc4wByHAKZJf9/D4KXPQ1POUjEbnCP5LMggB0OEFNY9OTsMqg==

fp-ts@1.14.2, fp-ts@^1.0.0:
  version "1.14.2"
  resolved "https://registry.yarnpkg.com/fp-ts/-/fp-ts-1.14.2.tgz#fba81c42d4c1662ef38fd9fddd09ae988c589d53"
  integrity sha512-QatIz/9KZsVsf/VXpzAXC9K2wjVJuT3fHSyIFhSLa8ApmqzcRDxKe0oNv75cY2cObywN5ekzfa3dLFqTJYnf+Q==

io-ts@1.8.2:
  version "1.8.2"
  resolved "https://registry.yarnpkg.com/io-ts/-/io-ts-1.8.2.tgz#4fe3878c147c9851604d36982ee6f64d3e6a4a1e"
  integrity sha512-BvP7iC4bgum5e3Fh82xCUrKWt739osKjmQBMORGij2AOMfTmevj8SEqBhN8EeI0GEwIMHb2bXe4fuikN0lsTWg==
  dependencies:
    fp-ts "^1.0.0"

typescript@^3.4.0-dev.20190315:
  version "3.4.0-dev.20190315"
  resolved "https://registry.yarnpkg.com/typescript/-/typescript-3.4.0-dev.20190315.tgz#b427ed583541aa187ef073b711e5dc242edefca5"
  integrity sha512-AmAGWYv52Bka/q20YNFy3jRiPMgAmWssti5uLTzFoPyuuzCd/GPmxm+j3iYm22ShrrDJw8biPxVDTq3DnOIaWA==
